
Microsoft Visual Studio Solution File, Format Version 12.00
# Visual Studio Version 17
VisualStudioVersion = 17.0.31612.314
MinimumVisualStudioVersion = 10.0.40219.1
Project("{9A19103F-16F7-4668-BE54-9A1E7A4F7556}") = "Univer_Web", "Univer_Web\Univer_Web.csproj", "{C3B818C6-A52D-48D2-9639-B81D5DB7FC16}"
EndProject
Global
	GlobalSection(SolutionConfigurationPlatforms) = preSolution
		Debug|Any CPU = Debug|Any CPU
		Release|Any CPU = Release|Any CPU
	EndGlobalSection
	GlobalSection(ProjectConfigurationPlatforms) = postSolution
		{C3B818C6-A52D-48D2-9639-B81D5DB7FC16}.Debug|Any CPU.ActiveCfg = Debug|Any CPU
		{C3B818C6-A52D-48D2-9639-B81D5DB7FC16}.Debug|Any CPU.Build.0 = Debug|Any CPU
		{C3B818C6-A52D-48D2-9639-B81D5DB7FC16}.Release|Any CPU.ActiveCfg = Release|Any CPU
		{C3B818C6-A52D-48D2-9639-B81D5DB7FC16}.Release|Any CPU.Build.0 = Release|Any CPU
	EndGlobalSection
	GlobalSection(SolutionProperties) = preSolution
		HideSolutionNode = FALSE
	EndGlobalSection
	GlobalSection(ExtensibilityGlobals) = postSolution
		SolutionGuid = {83F758AE-01DE-43FA-A341-A8B9A5EAB9E2}
	EndGlobalSection
EndGlobal
